{
  "originHash" : "7325790e2fe636d1fa624187f1e9365944d089df406f42658290ff6c1656869d",
  "pins" : [
    {
      "identity" : "capacitor-swift-pm",
      "kind" : "remoteSourceControl",
      "location" : "https://github.com/ionic-team/capacitor-swift-pm.git",
      "state" : {
        "revision" : "0e862e6ff13852a710c8a484180ca4d6a2cc9761",
        "version" : "8.2.0"
      }
    }
  ],
  "version" : 3
}
